
Microsoft Visual Studio Solution File, Format Version 12.00
# Visual Studio 2012
Project("{2150E333-8FDC-42A3-9474-1A3956D46DE8}") = "Core", "Core", "{5B1EC4B6-4AF5-4D47-826B-0F2E56E62E0F}"
EndProject
Project("{2150E333-8FDC-42A3-9474-1A3956D46DE8}") = "Testing", "Testing", "{CD40681A-F1A9-49A6-AC57-2098E7C899E6}"
EndProject
Project("{FAE04EC0-301F-11D3-BF4B-00C04F79EFBC}") = "Common", "Core\Common\Common.csproj", "{7DF8B48D-BEC8-4B81-A9DE-9F14A5AB3E97}"
EndProject
Project("{FAE04EC0-301F-11D3-BF4B-00C04F79EFBC}") = "Impl", "Core\Impl\Impl.csproj", "{75C3D75B-7A1C-4D69-B5E6-182F705FFC69}"
EndProject
Project("{FAE04EC0-301F-11D3-BF4B-00C04F79EFBC}") = "Sandbox", "Testing\Sandbox\Sandbox.csproj", "{BB51A4D7-1F54-4CC8-928A-738C47FA623B}"
EndProject
Project("{2150E333-8FDC-42A3-9474-1A3956D46DE8}") = "Setup", "Setup", "{E227B4F5-632D-423F-9E3D-DAC7A083417E}"
	ProjectSection(SolutionItems) = preProject
		Setup\Package.nuspec = Setup\Package.nuspec
	EndProjectSection
EndProject
Global
	GlobalSection(SolutionConfigurationPlatforms) = preSolution
		Debug|Any CPU = Debug|Any CPU
		Release|Any CPU = Release|Any CPU
	EndGlobalSection
	GlobalSection(ProjectConfigurationPlatforms) = postSolution
		{7DF8B48D-BEC8-4B81-A9DE-9F14A5AB3E97}.Debug|Any CPU.ActiveCfg = Debug|Any CPU
		{7DF8B48D-BEC8-4B81-A9DE-9F14A5AB3E97}.Debug|Any CPU.Build.0 = Debug|Any CPU
		{7DF8B48D-BEC8-4B81-A9DE-9F14A5AB3E97}.Release|Any CPU.ActiveCfg = Release|Any CPU
		{7DF8B48D-BEC8-4B81-A9DE-9F14A5AB3E97}.Release|Any CPU.Build.0 = Release|Any CPU
		{75C3D75B-7A1C-4D69-B5E6-182F705FFC69}.Debug|Any CPU.ActiveCfg = Debug|Any CPU
		{75C3D75B-7A1C-4D69-B5E6-182F705FFC69}.Debug|Any CPU.Build.0 = Debug|Any CPU
		{75C3D75B-7A1C-4D69-B5E6-182F705FFC69}.Release|Any CPU.ActiveCfg = Release|Any CPU
		{75C3D75B-7A1C-4D69-B5E6-182F705FFC69}.Release|Any CPU.Build.0 = Release|Any CPU
		{BB51A4D7-1F54-4CC8-928A-738C47FA623B}.Debug|Any CPU.ActiveCfg = Debug|Any CPU
		{BB51A4D7-1F54-4CC8-928A-738C47FA623B}.Debug|Any CPU.Build.0 = Debug|Any CPU
		{BB51A4D7-1F54-4CC8-928A-738C47FA623B}.Release|Any CPU.ActiveCfg = Release|Any CPU
		{BB51A4D7-1F54-4CC8-928A-738C47FA623B}.Release|Any CPU.Build.0 = Release|Any CPU
	EndGlobalSection
	GlobalSection(SolutionProperties) = preSolution
		HideSolutionNode = FALSE
	EndGlobalSection
	GlobalSection(NestedProjects) = preSolution
		{7DF8B48D-BEC8-4B81-A9DE-9F14A5AB3E97} = {5B1EC4B6-4AF5-4D47-826B-0F2E56E62E0F}
		{75C3D75B-7A1C-4D69-B5E6-182F705FFC69} = {5B1EC4B6-4AF5-4D47-826B-0F2E56E62E0F}
		{BB51A4D7-1F54-4CC8-928A-738C47FA623B} = {CD40681A-F1A9-49A6-AC57-2098E7C899E6}
	EndGlobalSection
EndGlobal
